<?xml version="1.0" encoding="utf-8"?>
<Project ToolsVersion="4.0" xmlns="http://schemas.microsoft.com/developer/msbuild/2003">
  <ItemGroup>
    <Filter Include="Source Files">
      <UniqueIdentifier>{4FC737F1-C7A5-4376-A066-2A32D752A2FF}</UniqueIdentifier>
      <Extensions>cpp;c;cc;cxx;def;odl;idl;hpj;bat;asm;asmx</Extensions>
    </Filter>
    <Filter Include="Header Files">
      <UniqueIdentifier>{93995380-89BD-4b04-88EB-625FBE52EBFB}</UniqueIdentifier>
      <Extensions>h;hh;hpp;hxx;hm;inl;inc;xsd</Extensions>
    </Filter>
    <Filter Include="Resource Files">
      <UniqueIdentifier>{67DA6AB6-F800-4c08-8B7A-83BB121AAD01}</UniqueIdentifier>
      <Extensions>rc;ico;cur;bmp;dlg;rc2;rct;bin;rgs;gif;jpg;jpeg;jpe;resx;tiff;tif;png;wav;mfcribbon-ms</Extensions>
    </Filter>
  </ItemGroup>
  <ItemGroup>
    <Text Include="ReadMe.txt" />
  </ItemGroup>
  <ItemGroup>
    <ClInclude Include="stdafx.h">
      <Filter>Header Files</Filter>
    </ClInclude>
    <ClInclude Include="targetver.h">
      <Filter>Header Files</Filter>
    </ClInclude>
    <ClInclude Include="OSServer.h">
      <Filter>Header Files</Filter>
    </ClInclude>
    <ClInclude Include="OSContourLine.h">
      <Filter>Header Files</Filter>
    </ClInclude>
    <ClInclude Include="OSContourPoint.h">
      <Filter>Header Files</Filter>
    </ClInclude>
    <ClInclude Include="OSAmpField.h">
      <Filter>Header Files</Filter>
    </ClInclude>
    <ClInclude Include="OSContourPlan.h">
      <Filter>Header Files</Filter>
    </ClInclude>
    <ClInclude Include="OSContouredTriangle.h">
      <Filter>Header Files</Filter>
    </ClInclude>
    <ClInclude Include="OSTrianglePoint.h">
      <Filter>Header Files</Filter>
    </ClInclude>
    <ClInclude Include="OSContouredTriangleStrip.h">
      <Filter>Header Files</Filter>
    </ClInclude>
    <ClInclude Include="OSTriangleLine.h">
      <Filter>Header Files</Filter>
    </ClInclude>
    <ClInclude Include="OSContourPlanDirections.h">
      <Filter>Header Files</Filter>
    </ClInclude>
    <ClInclude Include="OSPDir.h">
      <Filter>Header Files</Filter>
    </ClInclude>
    <ClInclude Include="OSTriangleLineTraverser.h">
      <Filter>Header Files</Filter>
    </ClInclude>
    <ClInclude Include="OSCommandDirector.h">
      <Filter>Header Files</Filter>
    </ClInclude>
    <ClInclude Include="OSTerrainFormation.h">
      <Filter>Header Files</Filter>
    </ClInclude>
    <ClInclude Include="ContourBase.h">
      <Filter>Header Files</Filter>
    </ClInclude>
    <ClInclude Include="ContouredMountain.h">
      <Filter>Header Files</Filter>
    </ClInclude>
    <ClInclude Include="BlankContour.h">
      <Filter>Header Files</Filter>
    </ClInclude>
    <ClInclude Include="OSContouredTriangleRunner.h">
      <Filter>Header Files</Filter>
    </ClInclude>
    <ClInclude Include="OSServerUtils.h">
      <Filter>Header Files</Filter>
    </ClInclude>
  </ItemGroup>
  <ItemGroup>
    <ClCompile Include="stdafx.cpp">
      <Filter>Source Files</Filter>
    </ClCompile>
    <ClCompile Include="OSServer.cpp">
      <Filter>Source Files</Filter>
    </ClCompile>
    <ClCompile Include="OSContourLine.cpp">
      <Filter>Source Files</Filter>
    </ClCompile>
    <ClCompile Include="OSContourPoint.cpp">
      <Filter>Source Files</Filter>
    </ClCompile>
    <ClCompile Include="OSAmpField.cpp">
      <Filter>Source Files</Filter>
    </ClCompile>
    <ClCompile Include="OSContourPlan.cpp">
      <Filter>Source Files</Filter>
    </ClCompile>
    <ClCompile Include="OSContouredTriangle.cpp">
      <Filter>Source Files</Filter>
    </ClCompile>
    <ClCompile Include="OSTriangleLineTraverser.cpp">
      <Filter>Source Files</Filter>
    </ClCompile>
    <ClCompile Include="OSCommandDirector.cpp">
      <Filter>Source Files</Filter>
    </ClCompile>
    <ClCompile Include="ContouredMountain.cpp">
      <Filter>Source Files</Filter>
    </ClCompile>
    <ClCompile Include="BlankContour.cpp">
      <Filter>Source Files</Filter>
    </ClCompile>
    <ClCompile Include="OSContouredTriangleRunner.cpp">
      <Filter>Source Files</Filter>
    </ClCompile>
    <ClCompile Include="OSServerUtils.cpp">
      <Filter>Source Files</Filter>
    </ClCompile>
  </ItemGroup>
</Project>