<?xml version="1.0" encoding="utf-8"?>
<Project ToolsVersion="4.0" xmlns="http://schemas.microsoft.com/developer/msbuild/2003">
  <ItemGroup>
    <Filter Include="Source Files">
      <UniqueIdentifier>{4FC737F1-C7A5-4376-A066-2A32D752A2FF}</UniqueIdentifier>
      <Extensions>cpp;c;cc;cxx;def;odl;idl;hpj;bat;asm;asmx</Extensions>
    </Filter>
    <Filter Include="Header Files">
      <UniqueIdentifier>{93995380-89BD-4b04-88EB-625FBE52EBFB}</UniqueIdentifier>
      <Extensions>h;hh;hpp;hxx;hm;inl;inc;xsd</Extensions>
    </Filter>
    <Filter Include="Resource Files">
      <UniqueIdentifier>{67DA6AB6-F800-4c08-8B7A-83BB121AAD01}</UniqueIdentifier>
      <Extensions>rc;ico;cur;bmp;dlg;rc2;rct;bin;rgs;gif;jpg;jpeg;jpe;resx;tiff;tif;png;wav;mfcribbon-ms</Extensions>
    </Filter>
    <Filter Include="Header Files\Jobs">
      <UniqueIdentifier>{9f533eed-72ba-499a-8582-75bba591e33b}</UniqueIdentifier>
    </Filter>
    <Filter Include="Header Files\Jobs\SPJ">
      <UniqueIdentifier>{ab9e944d-09f4-43c8-9e14-b672886df1ab}</UniqueIdentifier>
    </Filter>
    <Filter Include="Header Files\Jobs\SJ">
      <UniqueIdentifier>{bf63e0a6-f7c5-47d3-a90b-ed270853e8f4}</UniqueIdentifier>
    </Filter>
    <Filter Include="Source Files\Jobs">
      <UniqueIdentifier>{a45fda6d-642d-4130-a725-3277bcb7ec3b}</UniqueIdentifier>
    </Filter>
    <Filter Include="Source Files\Jobs\SPJ">
      <UniqueIdentifier>{fd09e22d-40ea-4180-a3f6-70fe21157a56}</UniqueIdentifier>
    </Filter>
    <Filter Include="Source Files\Jobs\SJ">
      <UniqueIdentifier>{3c034cd5-411c-4f97-977d-7263a6ffe66a}</UniqueIdentifier>
    </Filter>
    <Filter Include="Header Files\Jobs\SPJ\ContouredPlans">
      <UniqueIdentifier>{a23bb4f1-4c5c-4db8-a45b-93a2276fbe0d}</UniqueIdentifier>
    </Filter>
    <Filter Include="Header Files\Jobs\SPJ\ContouredPlans\Mountain">
      <UniqueIdentifier>{116e5774-6b5a-46b2-b2b8-0f2f881758d7}</UniqueIdentifier>
    </Filter>
    <Filter Include="Header Files\Jobs\SPJ\WorldDirection">
      <UniqueIdentifier>{c7e8bf62-f419-4837-885c-2461856ca4f7}</UniqueIdentifier>
    </Filter>
    <Filter Include="Source Files\Jobs\SPJ\ContouredPlans">
      <UniqueIdentifier>{aa4aa0a7-5d32-44f1-a77d-540712dc40cf}</UniqueIdentifier>
    </Filter>
    <Filter Include="Source Files\Jobs\SPJ\ContouredPlans\Mountain">
      <UniqueIdentifier>{6743437a-32ee-4faf-a43a-bbac81100743}</UniqueIdentifier>
    </Filter>
    <Filter Include="Source Files\Jobs\SPJ\WorldDirection">
      <UniqueIdentifier>{9e8472ef-32fc-43e1-959b-5bff5e8595e9}</UniqueIdentifier>
    </Filter>
    <Filter Include="Header Files\Jobs\ServerJobManager">
      <UniqueIdentifier>{11ceb226-86a9-4384-8255-fae0ac264c48}</UniqueIdentifier>
    </Filter>
    <Filter Include="Source Files\Jobs\ServerJobManager">
      <UniqueIdentifier>{f244e33b-e734-462f-852b-84b2339b000f}</UniqueIdentifier>
    </Filter>
    <Filter Include="Header Files\Jobs\SJ\GenericSJs">
      <UniqueIdentifier>{d3a8a430-8409-4a88-afaa-c7e4888114b2}</UniqueIdentifier>
    </Filter>
    <Filter Include="Source Files\Jobs\SJ\GenericSJs">
      <UniqueIdentifier>{0c2e9c44-42e6-44e1-9b9d-7ec3160f1057}</UniqueIdentifier>
    </Filter>
    <Filter Include="Header Files\CPAffectedBlueprints">
      <UniqueIdentifier>{8340b184-d0a3-499f-8418-50f4cf02ab30}</UniqueIdentifier>
    </Filter>
    <Filter Include="Header Files\ContouredPlanV2">
      <UniqueIdentifier>{9d5c2ff5-fa1a-4f76-8218-0f946f39c303}</UniqueIdentifier>
    </Filter>
    <Filter Include="Source Files\ContouredPlanV2">
      <UniqueIdentifier>{32d5473d-daa9-4cbf-bfc4-794e519ff29b}</UniqueIdentifier>
    </Filter>
  </ItemGroup>
  <ItemGroup>
    <Text Include="ReadMe.txt" />
  </ItemGroup>
  <ItemGroup>
    <ClInclude Include="stdafx.h">
      <Filter>Header Files</Filter>
    </ClInclude>
    <ClInclude Include="targetver.h">
      <Filter>Header Files</Filter>
    </ClInclude>
    <ClInclude Include="OSServer.h">
      <Filter>Header Files</Filter>
    </ClInclude>
    <ClInclude Include="OSContourLine.h">
      <Filter>Header Files</Filter>
    </ClInclude>
    <ClInclude Include="OSContourPoint.h">
      <Filter>Header Files</Filter>
    </ClInclude>
    <ClInclude Include="OSAmpField.h">
      <Filter>Header Files</Filter>
    </ClInclude>
    <ClInclude Include="OSContouredTriangle.h">
      <Filter>Header Files</Filter>
    </ClInclude>
    <ClInclude Include="OSTrianglePoint.h">
      <Filter>Header Files</Filter>
    </ClInclude>
    <ClInclude Include="OSContouredTriangleStrip.h">
      <Filter>Header Files</Filter>
    </ClInclude>
    <ClInclude Include="OSTriangleLine.h">
      <Filter>Header Files</Filter>
    </ClInclude>
    <ClInclude Include="OSContourPlanDirections.h">
      <Filter>Header Files</Filter>
    </ClInclude>
    <ClInclude Include="OSPDir.h">
      <Filter>Header Files</Filter>
    </ClInclude>
    <ClInclude Include="OSTriangleLineTraverser.h">
      <Filter>Header Files</Filter>
    </ClInclude>
    <ClInclude Include="OSCommandDirector.h">
      <Filter>Header Files</Filter>
    </ClInclude>
    <ClInclude Include="ContourBase.h">
      <Filter>Header Files</Filter>
    </ClInclude>
    <ClInclude Include="BlankContour.h">
      <Filter>Header Files</Filter>
    </ClInclude>
    <ClInclude Include="OSContouredTriangleRunner.h">
      <Filter>Header Files</Filter>
    </ClInclude>
    <ClInclude Include="OSServerUtils.h">
      <Filter>Header Files</Filter>
    </ClInclude>
    <ClInclude Include="OSTriangleLineTraverserBare.h">
      <Filter>Header Files</Filter>
    </ClInclude>
    <ClInclude Include="OSBlueprintTraversalController.h">
      <Filter>Header Files</Filter>
    </ClInclude>
    <ClInclude Include="BlueprintFillerRunner.h">
      <Filter>Header Files</Filter>
    </ClInclude>
    <ClInclude Include="PrimaryCircuitSegment.h">
      <Filter>Header Files</Filter>
    </ClInclude>
    <ClInclude Include="PrimaryCircuit.h">
      <Filter>Header Files</Filter>
    </ClInclude>
    <ClInclude Include="PointAdherenceOrder.h">
      <Filter>Header Files</Filter>
    </ClInclude>
    <ClInclude Include="AdherentDataList.h">
      <Filter>Header Files</Filter>
    </ClInclude>
    <ClInclude Include="AdhesiveRunner.h">
      <Filter>Header Files</Filter>
    </ClInclude>
    <ClInclude Include="OrganicRawEnclaveAdhesives.h">
      <Filter>Header Files</Filter>
    </ClInclude>
    <ClInclude Include="LocalizedPointsMetaData.h">
      <Filter>Header Files</Filter>
    </ClInclude>
    <ClInclude Include="AdhesiveResults.h">
      <Filter>Header Files</Filter>
    </ClInclude>
    <ClInclude Include="ServerMessageInterpreter.h">
      <Filter>Header Files</Filter>
    </ClInclude>
    <ClInclude Include="ServerJobsIntContainer.h">
      <Filter>Header Files</Filter>
    </ClInclude>
    <ClInclude Include="ServerJobUpdateInt.h">
      <Filter>Header Files</Filter>
    </ClInclude>
    <ClInclude Include="ContourPlanState.h">
      <Filter>Header Files</Filter>
    </ClInclude>
    <ClInclude Include="ContourPlanStateContainer.h">
      <Filter>Header Files</Filter>
    </ClInclude>
    <ClInclude Include="ServerJobContainerType.h">
      <Filter>Header Files</Filter>
    </ClInclude>
    <ClInclude Include="ReadyJobSearch.h">
      <Filter>Header Files</Filter>
    </ClInclude>
    <ClInclude Include="ServerThreadWorkloadMonitor.h">
      <Filter>Header Files</Filter>
    </ClInclude>
    <ClInclude Include="OSTriangleMaterial.h">
      <Filter>Header Files</Filter>
    </ClInclude>
    <ClInclude Include="OSTriangleMaterialLookup.h">
      <Filter>Header Files</Filter>
    </ClInclude>
    <ClInclude Include="BlueprintMassManager.h">
      <Filter>Header Files</Filter>
    </ClInclude>
    <ClInclude Include="ECBPolyReformerType.h">
      <Filter>Header Files</Filter>
    </ClInclude>
    <ClInclude Include="ECBPolyReformer.h">
      <Filter>Header Files</Filter>
    </ClInclude>
    <ClInclude Include="ServerJobBase.h">
      <Filter>Header Files\Jobs\SJ</Filter>
    </ClInclude>
    <ClInclude Include="ServerPhasedJobBase.h">
      <Filter>Header Files\Jobs\SPJ</Filter>
    </ClInclude>
    <ClInclude Include="SPJSendWorldDirectionToClient.h">
      <Filter>Header Files\Jobs\SPJ\WorldDirection</Filter>
    </ClInclude>
    <ClInclude Include="SJBuildAndSendWorldDirection.h">
      <Filter>Header Files\Jobs\SPJ\WorldDirection</Filter>
    </ClInclude>
    <ClInclude Include="ContouredMountain.h">
      <Filter>Header Files\Jobs\SPJ\ContouredPlans\Mountain</Filter>
    </ClInclude>
    <ClInclude Include="ServerJobRunVerdict.h">
      <Filter>Header Files\Jobs\ServerJobManager</Filter>
    </ClInclude>
    <ClInclude Include="ServerPhasedJobHierarchy.h">
      <Filter>Header Files\Jobs\ServerJobManager</Filter>
    </ClInclude>
    <ClInclude Include="ServerJobMessageQueue.h">
      <Filter>Header Files\Jobs\ServerJobManager</Filter>
    </ClInclude>
    <ClInclude Include="ServerJobBlockingFlagsSet.h">
      <Filter>Header Files\Jobs\ServerJobManager</Filter>
    </ClInclude>
    <ClInclude Include="ServerJobBlockingFlags.h">
      <Filter>Header Files\Jobs\ServerJobManager</Filter>
    </ClInclude>
    <ClInclude Include="ServerJobPhase.h">
      <Filter>Header Files\Jobs\SPJ</Filter>
    </ClInclude>
    <ClInclude Include="ServerThreadWorkloadUpdate.h">
      <Filter>Header Files\Jobs\ServerJobManager</Filter>
    </ClInclude>
    <ClInclude Include="ServerJobManager.h">
      <Filter>Header Files\Jobs\ServerJobManager</Filter>
    </ClInclude>
    <ClInclude Include="SJSendRequestForOGLMRMCBlueprints.h">
      <Filter>Header Files\Jobs\SJ\GenericSJs</Filter>
    </ClInclude>
    <ClInclude Include="SJRunContourPlanWorldTracing.h">
      <Filter>Header Files\Jobs\SJ\GenericSJs</Filter>
    </ClInclude>
    <ClInclude Include="SJBuildContourPlanAffectedBlueprints.h">
      <Filter>Header Files\Jobs\SJ\GenericSJs</Filter>
    </ClInclude>
    <ClInclude Include="SJRunContourPlanFracturingAndMassDriving.h">
      <Filter>Header Files\Jobs\SJ\GenericSJs</Filter>
    </ClInclude>
    <ClInclude Include="SJPrepCPMountainRun.h">
      <Filter>Header Files\Jobs\SPJ\ContouredPlans\Mountain</Filter>
    </ClInclude>
    <ClInclude Include="SPJBuildCPMountain.h">
      <Filter>Header Files\Jobs\SPJ\ContouredPlans\Mountain</Filter>
    </ClInclude>
    <ClInclude Include="ServerJobProxy.h">
      <Filter>Header Files\Jobs</Filter>
    </ClInclude>
    <ClInclude Include="ServerJobState.h">
      <Filter>Header Files\Jobs</Filter>
    </ClInclude>
    <ClInclude Include="ServerJobUpdateQueue.h">
      <Filter>Header Files\Jobs\ServerJobManager</Filter>
    </ClInclude>
    <ClInclude Include="ServerThreadDesignationMap.h">
      <Filter>Header Files\Jobs\ServerJobManager</Filter>
    </ClInclude>
    <ClInclude Include="ServerThreadDesignation.h">
      <Filter>Header Files\Jobs\ServerJobManager</Filter>
    </ClInclude>
    <ClInclude Include="AcquiredServerThread.h">
      <Filter>Header Files\Jobs\ServerJobManager</Filter>
    </ClInclude>
    <ClInclude Include="CPAffectedBlueprints.h">
      <Filter>Header Files\CPAffectedBlueprints</Filter>
    </ClInclude>
    <ClInclude Include="ServerJobRunCounters.h">
      <Filter>Header Files\Jobs\ServerJobManager</Filter>
    </ClInclude>
    <ClInclude Include="ServerJobRunCategory.h">
      <Filter>Header Files\Jobs\ServerJobManager</Filter>
    </ClInclude>
    <ClInclude Include="SJGenerateBlueprintBackupsForCP.h">
      <Filter>Header Files\Jobs\SJ\GenericSJs</Filter>
    </ClInclude>
    <ClInclude Include="SJCheckContourPlanSuccess.h">
      <Filter>Header Files\Jobs\SJ\GenericSJs</Filter>
    </ClInclude>
    <ClInclude Include="ContouredPlanV2Base.h">
      <Filter>Header Files\ContouredPlanV2</Filter>
    </ClInclude>
    <ClInclude Include="ContouredTriangleV2.h">
      <Filter>Header Files\ContouredPlanV2</Filter>
    </ClInclude>
    <ClInclude Include="CPV2Mountain.h">
      <Filter>Header Files\ContouredPlanV2</Filter>
    </ClInclude>
    <ClInclude Include="ContouredDoublePoint.h">
      <Filter>Header Files\ContouredPlanV2</Filter>
    </ClInclude>
    <ClInclude Include="ContouredCircuit.h">
      <Filter>Header Files\ContouredPlanV2</Filter>
    </ClInclude>
    <ClInclude Include="CTV2Strip.h">
      <Filter>Header Files\ContouredPlanV2</Filter>
    </ClInclude>
    <ClInclude Include="BPMassManagerV2.h">
      <Filter>Header Files\ContouredPlanV2</Filter>
    </ClInclude>
  </ItemGroup>
  <ItemGroup>
    <ClCompile Include="stdafx.cpp">
      <Filter>Source Files</Filter>
    </ClCompile>
    <ClCompile Include="OSServer.cpp">
      <Filter>Source Files</Filter>
    </ClCompile>
    <ClCompile Include="OSContourLine.cpp">
      <Filter>Source Files</Filter>
    </ClCompile>
    <ClCompile Include="OSContourPoint.cpp">
      <Filter>Source Files</Filter>
    </ClCompile>
    <ClCompile Include="OSAmpField.cpp">
      <Filter>Source Files</Filter>
    </ClCompile>
    <ClCompile Include="OSContouredTriangle.cpp">
      <Filter>Source Files</Filter>
    </ClCompile>
    <ClCompile Include="OSTriangleLineTraverser.cpp">
      <Filter>Source Files</Filter>
    </ClCompile>
    <ClCompile Include="OSCommandDirector.cpp">
      <Filter>Source Files</Filter>
    </ClCompile>
    <ClCompile Include="BlankContour.cpp">
      <Filter>Source Files</Filter>
    </ClCompile>
    <ClCompile Include="OSContouredTriangleRunner.cpp">
      <Filter>Source Files</Filter>
    </ClCompile>
    <ClCompile Include="OSServerUtils.cpp">
      <Filter>Source Files</Filter>
    </ClCompile>
    <ClCompile Include="OSBlueprintTraversalController.cpp">
      <Filter>Source Files</Filter>
    </ClCompile>
    <ClCompile Include="OSTriangleLineTraverserBare.cpp">
      <Filter>Source Files</Filter>
    </ClCompile>
    <ClCompile Include="BlueprintFillerRunner.cpp">
      <Filter>Source Files</Filter>
    </ClCompile>
    <ClCompile Include="PrimaryCircuit.cpp">
      <Filter>Source Files</Filter>
    </ClCompile>
    <ClCompile Include="PrimaryCircuitSegment.cpp">
      <Filter>Source Files</Filter>
    </ClCompile>
    <ClCompile Include="ContourBase.cpp">
      <Filter>Source Files</Filter>
    </ClCompile>
    <ClCompile Include="PointAdherenceOrder.cpp">
      <Filter>Source Files</Filter>
    </ClCompile>
    <ClCompile Include="AdhesiveRunner.cpp">
      <Filter>Source Files</Filter>
    </ClCompile>
    <ClCompile Include="AdhesiveResults.cpp">
      <Filter>Source Files</Filter>
    </ClCompile>
    <ClCompile Include="ServerMessageInterpreter.cpp">
      <Filter>Source Files</Filter>
    </ClCompile>
    <ClCompile Include="OSTriangleMaterialLookup.cpp">
      <Filter>Source Files</Filter>
    </ClCompile>
    <ClCompile Include="BlueprintMassManager.cpp">
      <Filter>Source Files</Filter>
    </ClCompile>
    <ClCompile Include="ECBPolyReformer.cpp">
      <Filter>Source Files</Filter>
    </ClCompile>
    <ClCompile Include="ServerJobBase.cpp">
      <Filter>Source Files\Jobs\SJ</Filter>
    </ClCompile>
    <ClCompile Include="ServerPhasedJobBase.cpp">
      <Filter>Source Files\Jobs\SPJ</Filter>
    </ClCompile>
    <ClCompile Include="ContouredMountain.cpp">
      <Filter>Source Files\Jobs\SPJ\ContouredPlans\Mountain</Filter>
    </ClCompile>
    <ClCompile Include="SPJSendWorldDirectionToClient.cpp">
      <Filter>Source Files\Jobs\SPJ\WorldDirection</Filter>
    </ClCompile>
    <ClCompile Include="SJBuildAndSendWorldDirection.cpp">
      <Filter>Source Files\Jobs\SPJ\WorldDirection</Filter>
    </ClCompile>
    <ClCompile Include="ServerPhasedJobHierarchy.cpp">
      <Filter>Source Files\Jobs\ServerJobManager</Filter>
    </ClCompile>
    <ClCompile Include="ServerJobPhase.cpp">
      <Filter>Source Files\Jobs\SPJ</Filter>
    </ClCompile>
    <ClCompile Include="ServerJobManager.cpp">
      <Filter>Source Files\Jobs\ServerJobManager</Filter>
    </ClCompile>
    <ClCompile Include="SJSendRequestForOGLMRMCBlueprints.cpp">
      <Filter>Source Files\Jobs\SJ\GenericSJs</Filter>
    </ClCompile>
    <ClCompile Include="SJRunContourPlanWorldTracing.cpp">
      <Filter>Source Files\Jobs\SJ\GenericSJs</Filter>
    </ClCompile>
    <ClCompile Include="SJBuildContourPlanAffectedBlueprints.cpp">
      <Filter>Source Files\Jobs\SJ\GenericSJs</Filter>
    </ClCompile>
    <ClCompile Include="SJRunContourPlanFracturingAndMassDriving.cpp">
      <Filter>Source Files\Jobs\SJ\GenericSJs</Filter>
    </ClCompile>
    <ClCompile Include="SJPrepCPMountainRun.cpp">
      <Filter>Source Files\Jobs\SPJ\ContouredPlans\Mountain</Filter>
    </ClCompile>
    <ClCompile Include="SPJBuildCPMountain.cpp">
      <Filter>Source Files\Jobs\SPJ\ContouredPlans\Mountain</Filter>
    </ClCompile>
    <ClCompile Include="ServerJobProxy.cpp">
      <Filter>Source Files\Jobs</Filter>
    </ClCompile>
    <ClCompile Include="ServerThreadDesignationMap.cpp">
      <Filter>Source Files\Jobs\ServerJobManager</Filter>
    </ClCompile>
    <ClCompile Include="ServerJobRunCounters.cpp">
      <Filter>Source Files\Jobs\ServerJobManager</Filter>
    </ClCompile>
    <ClCompile Include="SJGenerateBlueprintBackupsForCP.cpp">
      <Filter>Source Files\Jobs\SJ\GenericSJs</Filter>
    </ClCompile>
    <ClCompile Include="SJCheckContourPlanSuccess.cpp">
      <Filter>Source Files\Jobs\SJ\GenericSJs</Filter>
    </ClCompile>
    <ClCompile Include="ContouredTriangleV2.cpp">
      <Filter>Source Files\ContouredPlanV2</Filter>
    </ClCompile>
    <ClCompile Include="CPV2Mountain.cpp">
      <Filter>Source Files\ContouredPlanV2</Filter>
    </ClCompile>
    <ClCompile Include="ContouredCircuit.cpp">
      <Filter>Source Files\ContouredPlanV2</Filter>
    </ClCompile>
    <ClCompile Include="ContouredPlanV2Base.cpp">
      <Filter>Source Files\ContouredPlanV2</Filter>
    </ClCompile>
    <ClCompile Include="BPMassManagerV2.cpp">
      <Filter>Source Files\ContouredPlanV2</Filter>
    </ClCompile>
  </ItemGroup>
</Project>