<?xml version="1.0" encoding="utf-8"?>
<Project ToolsVersion="4.0" xmlns="http://schemas.microsoft.com/developer/msbuild/2003">
  <ItemGroup>
    <Filter Include="Source Files">
      <UniqueIdentifier>{4FC737F1-C7A5-4376-A066-2A32D752A2FF}</UniqueIdentifier>
      <Extensions>cpp;c;cc;cxx;def;odl;idl;hpj;bat;asm;asmx</Extensions>
    </Filter>
    <Filter Include="Header Files">
      <UniqueIdentifier>{93995380-89BD-4b04-88EB-625FBE52EBFB}</UniqueIdentifier>
      <Extensions>h;hh;hpp;hxx;hm;inl;inc;xsd</Extensions>
    </Filter>
    <Filter Include="Resource Files">
      <UniqueIdentifier>{67DA6AB6-F800-4c08-8B7A-83BB121AAD01}</UniqueIdentifier>
      <Extensions>rc;ico;cur;bmp;dlg;rc2;rct;bin;rgs;gif;jpg;jpeg;jpe;resx;tiff;tif;png;wav;mfcribbon-ms</Extensions>
    </Filter>
    <Filter Include="Header Files\Jobs">
      <UniqueIdentifier>{9f533eed-72ba-499a-8582-75bba591e33b}</UniqueIdentifier>
    </Filter>
    <Filter Include="Header Files\Jobs\SPJ">
      <UniqueIdentifier>{ab9e944d-09f4-43c8-9e14-b672886df1ab}</UniqueIdentifier>
    </Filter>
    <Filter Include="Header Files\Jobs\SJ">
      <UniqueIdentifier>{bf63e0a6-f7c5-47d3-a90b-ed270853e8f4}</UniqueIdentifier>
    </Filter>
    <Filter Include="Source Files\Jobs">
      <UniqueIdentifier>{a45fda6d-642d-4130-a725-3277bcb7ec3b}</UniqueIdentifier>
    </Filter>
    <Filter Include="Source Files\Jobs\SPJ">
      <UniqueIdentifier>{fd09e22d-40ea-4180-a3f6-70fe21157a56}</UniqueIdentifier>
    </Filter>
    <Filter Include="Source Files\Jobs\SJ">
      <UniqueIdentifier>{3c034cd5-411c-4f97-977d-7263a6ffe66a}</UniqueIdentifier>
    </Filter>
  </ItemGroup>
  <ItemGroup>
    <Text Include="ReadMe.txt" />
  </ItemGroup>
  <ItemGroup>
    <ClInclude Include="stdafx.h">
      <Filter>Header Files</Filter>
    </ClInclude>
    <ClInclude Include="targetver.h">
      <Filter>Header Files</Filter>
    </ClInclude>
    <ClInclude Include="OSServer.h">
      <Filter>Header Files</Filter>
    </ClInclude>
    <ClInclude Include="OSContourLine.h">
      <Filter>Header Files</Filter>
    </ClInclude>
    <ClInclude Include="OSContourPoint.h">
      <Filter>Header Files</Filter>
    </ClInclude>
    <ClInclude Include="OSAmpField.h">
      <Filter>Header Files</Filter>
    </ClInclude>
    <ClInclude Include="OSContouredTriangle.h">
      <Filter>Header Files</Filter>
    </ClInclude>
    <ClInclude Include="OSTrianglePoint.h">
      <Filter>Header Files</Filter>
    </ClInclude>
    <ClInclude Include="OSContouredTriangleStrip.h">
      <Filter>Header Files</Filter>
    </ClInclude>
    <ClInclude Include="OSTriangleLine.h">
      <Filter>Header Files</Filter>
    </ClInclude>
    <ClInclude Include="OSContourPlanDirections.h">
      <Filter>Header Files</Filter>
    </ClInclude>
    <ClInclude Include="OSPDir.h">
      <Filter>Header Files</Filter>
    </ClInclude>
    <ClInclude Include="OSTriangleLineTraverser.h">
      <Filter>Header Files</Filter>
    </ClInclude>
    <ClInclude Include="OSCommandDirector.h">
      <Filter>Header Files</Filter>
    </ClInclude>
    <ClInclude Include="OSTerrainFormation.h">
      <Filter>Header Files</Filter>
    </ClInclude>
    <ClInclude Include="ContourBase.h">
      <Filter>Header Files</Filter>
    </ClInclude>
    <ClInclude Include="ContouredMountain.h">
      <Filter>Header Files</Filter>
    </ClInclude>
    <ClInclude Include="BlankContour.h">
      <Filter>Header Files</Filter>
    </ClInclude>
    <ClInclude Include="OSContouredTriangleRunner.h">
      <Filter>Header Files</Filter>
    </ClInclude>
    <ClInclude Include="OSServerUtils.h">
      <Filter>Header Files</Filter>
    </ClInclude>
    <ClInclude Include="OSTriangleLineTraverserBare.h">
      <Filter>Header Files</Filter>
    </ClInclude>
    <ClInclude Include="OSBlueprintTraversalController.h">
      <Filter>Header Files</Filter>
    </ClInclude>
    <ClInclude Include="BlueprintFillerRunner.h">
      <Filter>Header Files</Filter>
    </ClInclude>
    <ClInclude Include="PrimaryCircuitSegment.h">
      <Filter>Header Files</Filter>
    </ClInclude>
    <ClInclude Include="PrimaryCircuit.h">
      <Filter>Header Files</Filter>
    </ClInclude>
    <ClInclude Include="CalibratableBlueprintKeyPair.h">
      <Filter>Header Files</Filter>
    </ClInclude>
    <ClInclude Include="PointAdherenceOrder.h">
      <Filter>Header Files</Filter>
    </ClInclude>
    <ClInclude Include="AdherentDataList.h">
      <Filter>Header Files</Filter>
    </ClInclude>
    <ClInclude Include="AdhesiveRunner.h">
      <Filter>Header Files</Filter>
    </ClInclude>
    <ClInclude Include="OrganicRawEnclaveAdhesives.h">
      <Filter>Header Files</Filter>
    </ClInclude>
    <ClInclude Include="LocalizedPointsMetaData.h">
      <Filter>Header Files</Filter>
    </ClInclude>
    <ClInclude Include="AdhesiveResults.h">
      <Filter>Header Files</Filter>
    </ClInclude>
    <ClInclude Include="ServerMessageInterpreter.h">
      <Filter>Header Files</Filter>
    </ClInclude>
    <ClInclude Include="ServerJobManager.h">
      <Filter>Header Files</Filter>
    </ClInclude>
    <ClInclude Include="ServerThreadDesignation.h">
      <Filter>Header Files</Filter>
    </ClInclude>
    <ClInclude Include="ServerThreadDesignationMap.h">
      <Filter>Header Files</Filter>
    </ClInclude>
    <ClInclude Include="ServerJobsIntContainer.h">
      <Filter>Header Files</Filter>
    </ClInclude>
    <ClInclude Include="ServerJobUpdateInt.h">
      <Filter>Header Files</Filter>
    </ClInclude>
    <ClInclude Include="ServerJobMessageQueue.h">
      <Filter>Header Files</Filter>
    </ClInclude>
    <ClInclude Include="ServerJobProxy.h">
      <Filter>Header Files</Filter>
    </ClInclude>
    <ClInclude Include="ServerJobBlockingFlags.h">
      <Filter>Header Files</Filter>
    </ClInclude>
    <ClInclude Include="ServerJobBlockingFlagsSet.h">
      <Filter>Header Files</Filter>
    </ClInclude>
    <ClInclude Include="ContourPlanState.h">
      <Filter>Header Files</Filter>
    </ClInclude>
    <ClInclude Include="ContourPlanStateContainer.h">
      <Filter>Header Files</Filter>
    </ClInclude>
    <ClInclude Include="ServerJobContainerType.h">
      <Filter>Header Files</Filter>
    </ClInclude>
    <ClInclude Include="ServerJobPhase.h">
      <Filter>Header Files</Filter>
    </ClInclude>
    <ClInclude Include="ServerJobState.h">
      <Filter>Header Files</Filter>
    </ClInclude>
    <ClInclude Include="ServerJobUpdateQueue.h">
      <Filter>Header Files</Filter>
    </ClInclude>
    <ClInclude Include="ReadyJobSearch.h">
      <Filter>Header Files</Filter>
    </ClInclude>
    <ClInclude Include="ServerThreadWorkloadMonitor.h">
      <Filter>Header Files</Filter>
    </ClInclude>
    <ClInclude Include="AcquiredServerThread.h">
      <Filter>Header Files</Filter>
    </ClInclude>
    <ClInclude Include="ServerThreadWorkloadUpdate.h">
      <Filter>Header Files</Filter>
    </ClInclude>
    <ClInclude Include="OSTriangleMaterial.h">
      <Filter>Header Files</Filter>
    </ClInclude>
    <ClInclude Include="OSTriangleMaterialLookup.h">
      <Filter>Header Files</Filter>
    </ClInclude>
    <ClInclude Include="BlueprintMassManager.h">
      <Filter>Header Files</Filter>
    </ClInclude>
    <ClInclude Include="ECBPolyReformerType.h">
      <Filter>Header Files</Filter>
    </ClInclude>
    <ClInclude Include="ECBPolyReformer.h">
      <Filter>Header Files</Filter>
    </ClInclude>
    <ClInclude Include="SPJSendWorldDirectionToClient.h">
      <Filter>Header Files\Jobs\SPJ</Filter>
    </ClInclude>
    <ClInclude Include="SPJRunSingleMountTest.h">
      <Filter>Header Files\Jobs\SPJ</Filter>
    </ClInclude>
    <ClInclude Include="SJSendRequestForOGLMRMCBlueprints.h">
      <Filter>Header Files\Jobs\SJ</Filter>
    </ClInclude>
    <ClInclude Include="SJBuildAndSendWorldDirection.h">
      <Filter>Header Files\Jobs\SJ</Filter>
    </ClInclude>
    <ClInclude Include="SJRunSingleMountTest.h">
      <Filter>Header Files\Jobs\SJ</Filter>
    </ClInclude>
    <ClInclude Include="ServerJobBase.h">
      <Filter>Header Files\Jobs\SJ</Filter>
    </ClInclude>
    <ClInclude Include="ServerPhasedJobBase.h">
      <Filter>Header Files\Jobs\SPJ</Filter>
    </ClInclude>
    <ClInclude Include="ServerJobRunVerdict.h">
      <Filter>Header Files\Jobs</Filter>
    </ClInclude>
    <ClInclude Include="ServerPhasedJobHierarchy.h">
      <Filter>Header Files\Jobs</Filter>
    </ClInclude>
  </ItemGroup>
  <ItemGroup>
    <ClCompile Include="stdafx.cpp">
      <Filter>Source Files</Filter>
    </ClCompile>
    <ClCompile Include="OSServer.cpp">
      <Filter>Source Files</Filter>
    </ClCompile>
    <ClCompile Include="OSContourLine.cpp">
      <Filter>Source Files</Filter>
    </ClCompile>
    <ClCompile Include="OSContourPoint.cpp">
      <Filter>Source Files</Filter>
    </ClCompile>
    <ClCompile Include="OSAmpField.cpp">
      <Filter>Source Files</Filter>
    </ClCompile>
    <ClCompile Include="OSContouredTriangle.cpp">
      <Filter>Source Files</Filter>
    </ClCompile>
    <ClCompile Include="OSTriangleLineTraverser.cpp">
      <Filter>Source Files</Filter>
    </ClCompile>
    <ClCompile Include="OSCommandDirector.cpp">
      <Filter>Source Files</Filter>
    </ClCompile>
    <ClCompile Include="ContouredMountain.cpp">
      <Filter>Source Files</Filter>
    </ClCompile>
    <ClCompile Include="BlankContour.cpp">
      <Filter>Source Files</Filter>
    </ClCompile>
    <ClCompile Include="OSContouredTriangleRunner.cpp">
      <Filter>Source Files</Filter>
    </ClCompile>
    <ClCompile Include="OSServerUtils.cpp">
      <Filter>Source Files</Filter>
    </ClCompile>
    <ClCompile Include="OSBlueprintTraversalController.cpp">
      <Filter>Source Files</Filter>
    </ClCompile>
    <ClCompile Include="OSTriangleLineTraverserBare.cpp">
      <Filter>Source Files</Filter>
    </ClCompile>
    <ClCompile Include="BlueprintFillerRunner.cpp">
      <Filter>Source Files</Filter>
    </ClCompile>
    <ClCompile Include="PrimaryCircuit.cpp">
      <Filter>Source Files</Filter>
    </ClCompile>
    <ClCompile Include="PrimaryCircuitSegment.cpp">
      <Filter>Source Files</Filter>
    </ClCompile>
    <ClCompile Include="ContourBase.cpp">
      <Filter>Source Files</Filter>
    </ClCompile>
    <ClCompile Include="CalibratableBlueprintKeyPair.cpp">
      <Filter>Source Files</Filter>
    </ClCompile>
    <ClCompile Include="PointAdherenceOrder.cpp">
      <Filter>Source Files</Filter>
    </ClCompile>
    <ClCompile Include="AdhesiveRunner.cpp">
      <Filter>Source Files</Filter>
    </ClCompile>
    <ClCompile Include="AdhesiveResults.cpp">
      <Filter>Source Files</Filter>
    </ClCompile>
    <ClCompile Include="ServerMessageInterpreter.cpp">
      <Filter>Source Files</Filter>
    </ClCompile>
    <ClCompile Include="ServerJobManager.cpp">
      <Filter>Source Files</Filter>
    </ClCompile>
    <ClCompile Include="ServerThreadDesignationMap.cpp">
      <Filter>Source Files</Filter>
    </ClCompile>
    <ClCompile Include="ServerJobProxy.cpp">
      <Filter>Source Files</Filter>
    </ClCompile>
    <ClCompile Include="ServerJobPhase.cpp">
      <Filter>Source Files</Filter>
    </ClCompile>
    <ClCompile Include="OSTriangleMaterialLookup.cpp">
      <Filter>Source Files</Filter>
    </ClCompile>
    <ClCompile Include="BlueprintMassManager.cpp">
      <Filter>Source Files</Filter>
    </ClCompile>
    <ClCompile Include="ECBPolyReformer.cpp">
      <Filter>Source Files</Filter>
    </ClCompile>
    <ClCompile Include="SPJRunSingleMountTest.cpp">
      <Filter>Source Files\Jobs\SPJ</Filter>
    </ClCompile>
    <ClCompile Include="SPJSendWorldDirectionToClient.cpp">
      <Filter>Source Files\Jobs\SPJ</Filter>
    </ClCompile>
    <ClCompile Include="SJSendRequestForOGLMRMCBlueprints.cpp">
      <Filter>Source Files\Jobs\SJ</Filter>
    </ClCompile>
    <ClCompile Include="SJBuildAndSendWorldDirection.cpp">
      <Filter>Source Files\Jobs\SJ</Filter>
    </ClCompile>
    <ClCompile Include="SJRunSingleMountTest.cpp">
      <Filter>Source Files\Jobs\SJ</Filter>
    </ClCompile>
    <ClCompile Include="ServerJobBase.cpp">
      <Filter>Source Files\Jobs\SJ</Filter>
    </ClCompile>
    <ClCompile Include="ServerPhasedJobBase.cpp">
      <Filter>Source Files\Jobs\SPJ</Filter>
    </ClCompile>
  </ItemGroup>
</Project>